
Microsoft Visual Studio Solution File, Format Version 12.00
# Visual Studio Version 16
VisualStudioVersion = 16.0.31729.503
MinimumVisualStudioVersion = 10.0.40219.1
Project("{FAE04EC0-301F-11D3-BF4B-00C04F79EFBC}") = "CQRSMediator", "CQRSMediator\CQRSMediator.csproj", "{CC1668A2-FA6B-43C3-8C1E-78513086C698}"
EndProject
Global
	GlobalSection(SolutionConfigurationPlatforms) = preSolution
		Debug|Any CPU = Debug|Any CPU
		Release|Any CPU = Release|Any CPU
	EndGlobalSection
	GlobalSection(ProjectConfigurationPlatforms) = postSolution
		{CC1668A2-FA6B-43C3-8C1E-78513086C698}.Debug|Any CPU.ActiveCfg = Debug|Any CPU
		{CC1668A2-FA6B-43C3-8C1E-78513086C698}.Debug|Any CPU.Build.0 = Debug|Any CPU
		{CC1668A2-FA6B-43C3-8C1E-78513086C698}.Release|Any CPU.ActiveCfg = Release|Any CPU
		{CC1668A2-FA6B-43C3-8C1E-78513086C698}.Release|Any CPU.Build.0 = Release|Any CPU
	EndGlobalSection
	GlobalSection(SolutionProperties) = preSolution
		HideSolutionNode = FALSE
	EndGlobalSection
	GlobalSection(ExtensibilityGlobals) = postSolution
		SolutionGuid = {B55707EE-4CE8-4722-9FF3-45BF6105B49F}
	EndGlobalSection
EndGlobal
